Microsoft Visual Studio Solution File, Format Version 12.00
# Visual Studio 2012
Project("{FAE04EC0-301F-11D3-BF4B-00C04F79EFBC}") = "Loop", "Loop.csproj", "{6F97EE01-D8E5-4854-A46D-73D8C500EC25}"
EndProject
Global
	GlobalSection(SolutionConfigurationPlatforms) = preSolution
	Debug|Any CPU = Debug|Any CPU
	ExportDebug|Any CPU = ExportDebug|Any CPU
	ExportRelease|Any CPU = ExportRelease|Any CPU
	EndGlobalSection
	GlobalSection(ProjectConfigurationPlatforms) = postSolution
		{6F97EE01-D8E5-4854-A46D-73D8C500EC25}.Debug|Any CPU.ActiveCfg = Debug|Any CPU
		{6F97EE01-D8E5-4854-A46D-73D8C500EC25}.Debug|Any CPU.Build.0 = Debug|Any CPU
		{6F97EE01-D8E5-4854-A46D-73D8C500EC25}.ExportDebug|Any CPU.ActiveCfg = ExportDebug|Any CPU
		{6F97EE01-D8E5-4854-A46D-73D8C500EC25}.ExportDebug|Any CPU.Build.0 = ExportDebug|Any CPU
		{6F97EE01-D8E5-4854-A46D-73D8C500EC25}.ExportRelease|Any CPU.ActiveCfg = ExportRelease|Any CPU
		{6F97EE01-D8E5-4854-A46D-73D8C500EC25}.ExportRelease|Any CPU.Build.0 = ExportRelease|Any CPU
	EndGlobalSection
EndGlobal
